
Microsoft Visual Studio Solution File, Format Version 12.00
# Visual Studio Version 17
VisualStudioVersion = 17.4.33213.308
MinimumVisualStudioVersion = 10.0.40219.1
Project("{8BC9CEB8-8B4A-11D0-8D11-00A0C91BC942}") = "Variant", "Variant.vcxproj", "{633B2438-4701-433E-B0EA-B8A2494293BC}"
EndProject
Global
	GlobalSection(SolutionConfigurationPlatforms) = preSolution
		Debug|x64 = Debug|x64
		Debug|x86 = Debug|x86
		Release|x64 = Release|x64
		Release|x86 = Release|x86
	EndGlobalSection
	GlobalSection(ProjectConfigurationPlatforms) = postSolution
		{633B2438-4701-433E-B0EA-B8A2494293BC}.Debug|x64.ActiveCfg = Debug|x64
		{633B2438-4701-433E-B0EA-B8A2494293BC}.Debug|x64.Build.0 = Debug|x64
		{633B2438-4701-433E-B0EA-B8A2494293BC}.Debug|x86.ActiveCfg = Debug|Win32
		{633B2438-4701-433E-B0EA-B8A2494293BC}.Debug|x86.Build.0 = Debug|Win32
		{633B2438-4701-433E-B0EA-B8A2494293BC}.Release|x64.ActiveCfg = Release|x64
		{633B2438-4701-433E-B0EA-B8A2494293BC}.Release|x64.Build.0 = Release|x64
		{633B2438-4701-433E-B0EA-B8A2494293BC}.Release|x86.ActiveCfg = Release|Win32
		{633B2438-4701-433E-B0EA-B8A2494293BC}.Release|x86.Build.0 = Release|Win32
	EndGlobalSection
	GlobalSection(SolutionProperties) = preSolution
		HideSolutionNode = FALSE
	EndGlobalSection
	GlobalSection(ExtensibilityGlobals) = postSolution
		SolutionGuid = {E73770BE-0438-4445-8B72-3CB40DF845BB}
	EndGlobalSection
EndGlobal
